
Microsoft Visual Studio Solution File, Format Version 12.00
# Visual Studio Version 17
VisualStudioVersion = 17.10.34916.146
MinimumVisualStudioVersion = 10.0.40219.1
Project("{9A19103F-16F7-4668-BE54-9A1E7A4F7556}") = "smf2flarum", "src\smf2flarum\smf2flarum.csproj", "{6659BFB6-560E-446D-AEDD-601D74D037C8}"
EndProject
Project("{FAE04EC0-301F-11D3-BF4B-00C04F79EFBC}") = "Schema", "src\Schema\Schema.csproj", "{77359842-31F1-49A9-A7F5-9ED0129F9A39}"
EndProject
Project("{2150E333-8FDC-42A3-9474-1A3956D46DE8}") = "Solution Files", "Solution Files", "{FC94E046-AEC0-409C-8304-A2E0C7FD21C1}"
	ProjectSection(SolutionItems) = preProject
		LICENSE.md = LICENSE.md
		README.md = README.md
		src\Directory.Build.props = src\Directory.Build.props
	EndProjectSection
EndProject
Global
	GlobalSection(SolutionConfigurationPlatforms) = preSolution
		Debug|Any CPU = Debug|Any CPU
		Release|Any CPU = Release|Any CPU
	EndGlobalSection
	GlobalSection(ProjectConfigurationPlatforms) = postSolution
		{6659BFB6-560E-446D-AEDD-601D74D037C8}.Debug|Any CPU.ActiveCfg = Debug|Any CPU
		{6659BFB6-560E-446D-AEDD-601D74D037C8}.Debug|Any CPU.Build.0 = Debug|Any CPU
		{6659BFB6-560E-446D-AEDD-601D74D037C8}.Release|Any CPU.ActiveCfg = Release|Any CPU
		{6659BFB6-560E-446D-AEDD-601D74D037C8}.Release|Any CPU.Build.0 = Release|Any CPU
		{77359842-31F1-49A9-A7F5-9ED0129F9A39}.Debug|Any CPU.ActiveCfg = Debug|Any CPU
		{77359842-31F1-49A9-A7F5-9ED0129F9A39}.Debug|Any CPU.Build.0 = Debug|Any CPU
		{77359842-31F1-49A9-A7F5-9ED0129F9A39}.Release|Any CPU.ActiveCfg = Release|Any CPU
		{77359842-31F1-49A9-A7F5-9ED0129F9A39}.Release|Any CPU.Build.0 = Release|Any CPU
	EndGlobalSection
	GlobalSection(SolutionProperties) = preSolution
		HideSolutionNode = FALSE
	EndGlobalSection
	GlobalSection(ExtensibilityGlobals) = postSolution
		SolutionGuid = {3F70B731-2F82-4BAD-B94B-F21D3D5A3A8E}
	EndGlobalSection
EndGlobal
